{
  "version": 4,
  "terraform_version": "1.14.9",
  "serial": 104,
  "lineage": "068f8f73-af90-bc26-5521-04d181e9082e",
  "outputs": {},
  "resources": [
    {
      "module": "module.public_ip",
      "mode": "managed",
      "type": "azurerm_public_ip",
      "name": "pip",
      "provider": "provider[\"registry.terraform.io/hashicorp/azurerm\"]",
      "instances": [
        {
          "index_key": "pip1",
          "schema_version": 0,
          "attributes": {
            "allocation_method": "Static",
            "ddos_protection_mode": "VirtualNetworkInherited",
            "ddos_protection_plan_id": null,
            "domain_name_label": "",
            "domain_name_label_scope": "",
            "edge_zone": "",
            "fqdn": "",
            "id": "/subscriptions/4eb71d32-6ecc-44c7-b47c-659f130a2347/resourceGroups/divyanshu/providers/Microsoft.Network/publicIPAddresses/pip_01",
            "idle_timeout_in_minutes": 4,
            "ip_address": "20.48.33.4",
            "ip_tags": {},
            "ip_version": "IPv4",
            "location": "japaneast",
            "name": "pip_01",
            "public_ip_prefix_id": null,
            "resource_group_name": "divyanshu",
            "reverse_fqdn": "",
            "sku": "Standard",
            "sku_tier": "Regional",
            "tags": {},
            "timeouts": null,
            "zones": []
          },
          "sensitive_attributes": [],
          "identity_schema_version": 0,
          "identity": {
            "name": "pip_01",
            "resource_group_name": "divyanshu",
            "subscription_id": "4eb71d32-6ecc-44c7-b47c-659f130a2347"
          },
          "private": "eyJlMmJmYjczMC1lY2FhLTExZTYtOGY4OC0zNDM2M2JjN2M0YzAiOnsiY3JlYXRlIjoxODAwMDAwMDAwMDAwLCJkZWxldGUiOjE4MDAwMDAwMDAwMDAsInJlYWQiOjMwMDAwMDAwMDAwMCwidXBkYXRlIjoxODAwMDAwMDAwMDAwfX0=",
          "dependencies": [
            "module.resource_group.azurerm_resource_group.rg"
          ]
        },
        {
          "index_key": "pip2",
          "schema_version": 0,
          "attributes": {
            "allocation_method": "Static",
            "ddos_protection_mode": "VirtualNetworkInherited",
            "ddos_protection_plan_id": null,
            "domain_name_label": "",
            "domain_name_label_scope": "",
            "edge_zone": "",
            "fqdn": "",
            "id": "/subscriptions/4eb71d32-6ecc-44c7-b47c-659f130a2347/resourceGroups/divyanshu/providers/Microsoft.Network/publicIPAddresses/pip_02",
            "idle_timeout_in_minutes": 4,
            "ip_address": "20.89.97.20",
            "ip_tags": {},
            "ip_version": "IPv4",
            "location": "japaneast",
            "name": "pip_02",
            "public_ip_prefix_id": null,
            "resource_group_name": "divyanshu",
            "reverse_fqdn": "",
            "sku": "Standard",
            "sku_tier": "Regional",
            "tags": {},
            "timeouts": null,
            "zones": []
          },
          "sensitive_attributes": [],
          "identity_schema_version": 0,
          "identity": {
            "name": "pip_02",
            "resource_group_name": "divyanshu",
            "subscription_id": "4eb71d32-6ecc-44c7-b47c-659f130a2347"
          },
          "private": "eyJlMmJmYjczMC1lY2FhLTExZTYtOGY4OC0zNDM2M2JjN2M0YzAiOnsiY3JlYXRlIjoxODAwMDAwMDAwMDAwLCJkZWxldGUiOjE4MDAwMDAwMDAwMDAsInJlYWQiOjMwMDAwMDAwMDAwMCwidXBkYXRlIjoxODAwMDAwMDAwMDAwfX0=",
          "dependencies": [
            "module.resource_group.azurerm_resource_group.rg"
          ]
        }
      ]
    },
    {
      "module": "module.resource_group",
      "mode": "managed",
      "type": "azurerm_resource_group",
      "name": "rg",
      "provider": "provider[\"registry.terraform.io/hashicorp/azurerm\"]",
      "instances": [
        {
          "index_key": "rg1",
          "schema_version": 0,
          "attributes": {
            "id": "/subscriptions/4eb71d32-6ecc-44c7-b47c-659f130a2347/resourceGroups/divyanshu",
            "location": "japaneast",
            "managed_by": "",
            "name": "divyanshu",
            "tags": {},
            "timeouts": null
          },
          "sensitive_attributes": [],
          "identity_schema_version": 0,
          "identity": {
            "name": "divyanshu",
            "subscription_id": "4eb71d32-6ecc-44c7-b47c-659f130a2347"
          },
          "private": "eyJlMmJmYjczMC1lY2FhLTExZTYtOGY4OC0zNDM2M2JjN2M0YzAiOnsiY3JlYXRlIjo1NDAwMDAwMDAwMDAwLCJkZWxldGUiOjU0MDAwMDAwMDAwMDAsInJlYWQiOjMwMDAwMDAwMDAwMCwidXBkYXRlIjo1NDAwMDAwMDAwMDAwfX0="
        }
      ]
    },
    {
      "module": "module.subnet_network",
      "mode": "managed",
      "type": "azurerm_subnet",
      "name": "subnets",
      "provider": "provider[\"registry.terraform.io/hashicorp/azurerm\"]",
      "instances": [
        {
          "index_key": "subnet1",
          "schema_version": 0,
          "attributes": {
            "address_prefixes": [
              "10.0.1.0/24"
            ],
            "default_outbound_access_enabled": true,
            "delegation": [],
            "id": "/subscriptions/4eb71d32-6ecc-44c7-b47c-659f130a2347/resourceGroups/divyanshu/providers/Microsoft.Network/virtualNetworks/vnet/subnets/subnet01",
            "ip_address_pool": [],
            "name": "subnet01",
            "private_endpoint_network_policies": "Disabled",
            "private_link_service_network_policies_enabled": true,
            "resource_group_name": "divyanshu",
            "service_endpoint_policy_ids": [],
            "service_endpoints": [],
            "sharing_scope": "",
            "timeouts": null,
            "virtual_network_name": "vnet"
          },
          "sensitive_attributes": [],
          "identity_schema_version": 0,
          "identity": {
            "name": "subnet01",
            "resource_group_name": "divyanshu",
            "subscription_id": "4eb71d32-6ecc-44c7-b47c-659f130a2347",
            "virtual_network_name": "vnet"
          },
          "private": "eyJlMmJmYjczMC1lY2FhLTExZTYtOGY4OC0zNDM2M2JjN2M0YzAiOnsiY3JlYXRlIjoxODAwMDAwMDAwMDAwLCJkZWxldGUiOjE4MDAwMDAwMDAwMDAsInJlYWQiOjMwMDAwMDAwMDAwMCwidXBkYXRlIjoxODAwMDAwMDAwMDAwfX0=",
          "dependencies": [
            "module.resource_group.azurerm_resource_group.rg",
            "module.virtual_network.azurerm_virtual_network.vnet"
          ]
        },
        {
          "index_key": "subnet2",
          "schema_version": 0,
          "attributes": {
            "address_prefixes": [
              "10.0.2.0/24"
            ],
            "default_outbound_access_enabled": true,
            "delegation": [],
            "id": "/subscriptions/4eb71d32-6ecc-44c7-b47c-659f130a2347/resourceGroups/divyanshu/providers/Microsoft.Network/virtualNetworks/vnet/subnets/subnet02",
            "ip_address_pool": [],
            "name": "subnet02",
            "private_endpoint_network_policies": "Disabled",
            "private_link_service_network_policies_enabled": true,
            "resource_group_name": "divyanshu",
            "service_endpoint_policy_ids": [],
            "service_endpoints": [],
            "sharing_scope": "",
            "timeouts": null,
            "virtual_network_name": "vnet"
          },
          "sensitive_attributes": [],
          "identity_schema_version": 0,
          "identity": {
            "name": "subnet02",
            "resource_group_name": "divyanshu",
            "subscription_id": "4eb71d32-6ecc-44c7-b47c-659f130a2347",
            "virtual_network_name": "vnet"
          },
          "private": "eyJlMmJmYjczMC1lY2FhLTExZTYtOGY4OC0zNDM2M2JjN2M0YzAiOnsiY3JlYXRlIjoxODAwMDAwMDAwMDAwLCJkZWxldGUiOjE4MDAwMDAwMDAwMDAsInJlYWQiOjMwMDAwMDAwMDAwMCwidXBkYXRlIjoxODAwMDAwMDAwMDAwfX0=",
          "dependencies": [
            "module.resource_group.azurerm_resource_group.rg",
            "module.virtual_network.azurerm_virtual_network.vnet"
          ]
        }
      ]
    },
    {
      "module": "module.virtual_machine",
      "mode": "data",
      "type": "azurerm_public_ip",
      "name": "pip",
      "provider": "provider[\"registry.terraform.io/hashicorp/azurerm\"]",
      "instances": [
        {
          "index_key": "vm1",
          "schema_version": 0,
          "attributes": {
            "allocation_method": "Static",
            "ddos_protection_mode": "VirtualNetworkInherited",
            "ddos_protection_plan_id": null,
            "domain_name_label": "",
            "fqdn": "",
            "id": "/subscriptions/4eb71d32-6ecc-44c7-b47c-659f130a2347/resourceGroups/divyanshu/providers/Microsoft.Network/publicIPAddresses/pip_01",
            "idle_timeout_in_minutes": 4,
            "ip_address": "20.48.33.4",
            "ip_tags": {},
            "ip_version": "IPv4",
            "location": "japaneast",
            "name": "pip_01",
            "resource_group_name": "divyanshu",
            "reverse_fqdn": "",
            "sku": "Standard",
            "tags": {},
            "timeouts": null,
            "zones": []
          },
          "sensitive_attributes": [],
          "identity_schema_version": 0
        },
        {
          "index_key": "vm2",
          "schema_version": 0,
          "attributes": {
            "allocation_method": "Static",
            "ddos_protection_mode": "VirtualNetworkInherited",
            "ddos_protection_plan_id": null,
            "domain_name_label": "",
            "fqdn": "",
            "id": "/subscriptions/4eb71d32-6ecc-44c7-b47c-659f130a2347/resourceGroups/divyanshu/providers/Microsoft.Network/publicIPAddresses/pip_02",
            "idle_timeout_in_minutes": 4,
            "ip_address": "20.89.97.20",
            "ip_tags": {},
            "ip_version": "IPv4",
            "location": "japaneast",
            "name": "pip_02",
            "resource_group_name": "divyanshu",
            "reverse_fqdn": "",
            "sku": "Standard",
            "tags": {},
            "timeouts": null,
            "zones": []
          },
          "sensitive_attributes": [],
          "identity_schema_version": 0
        }
      ]
    },
    {
      "module": "module.virtual_machine",
      "mode": "data",
      "type": "azurerm_subnet",
      "name": "subnet",
      "provider": "provider[\"registry.terraform.io/hashicorp/azurerm\"]",
      "instances": [
        {
          "index_key": "vm1",
          "schema_version": 0,
          "attributes": {
            "address_prefix": "10.0.1.0/24",
            "address_prefixes": [
              "10.0.1.0/24"
            ],
            "default_outbound_access_enabled": true,
            "id": "/subscriptions/4eb71d32-6ecc-44c7-b47c-659f130a2347/resourceGroups/divyanshu/providers/Microsoft.Network/virtualNetworks/vnet/subnets/subnet01",
            "name": "subnet01",
            "network_security_group_id": "",
            "private_endpoint_network_policies": "Disabled",
            "private_link_service_network_policies_enabled": true,
            "resource_group_name": "divyanshu",
            "route_table_id": "",
            "service_endpoints": [],
            "timeouts": null,
            "virtual_network_name": "vnet"
          },
          "sensitive_attributes": [],
          "identity_schema_version": 0
        },
        {
          "index_key": "vm2",
          "schema_version": 0,
          "attributes": {
            "address_prefix": "10.0.2.0/24",
            "address_prefixes": [
              "10.0.2.0/24"
            ],
            "default_outbound_access_enabled": true,
            "id": "/subscriptions/4eb71d32-6ecc-44c7-b47c-659f130a2347/resourceGroups/divyanshu/providers/Microsoft.Network/virtualNetworks/vnet/subnets/subnet02",
            "name": "subnet02",
            "network_security_group_id": "",
            "private_endpoint_network_policies": "Disabled",
            "private_link_service_network_policies_enabled": true,
            "resource_group_name": "divyanshu",
            "route_table_id": "",
            "service_endpoints": [],
            "timeouts": null,
            "virtual_network_name": "vnet"
          },
          "sensitive_attributes": [],
          "identity_schema_version": 0
        }
      ]
    },
    {
      "module": "module.virtual_machine",
      "mode": "managed",
      "type": "azurerm_linux_virtual_machine",
      "name": "vms",
      "provider": "provider[\"registry.terraform.io/hashicorp/azurerm\"]",
      "instances": [
        {
          "index_key": "vm1",
          "schema_version": 0,
          "attributes": {
            "additional_capabilities": [],
            "admin_password": "Divy@1245",
            "admin_ssh_key": [],
            "admin_username": "divyanshu",
            "allow_extension_operations": true,
            "availability_set_id": "",
            "boot_diagnostics": [],
            "bypass_platform_safety_checks_on_user_schedule_enabled": false,
            "capacity_reservation_group_id": "",
            "computer_name": "frount-end-vm",
            "custom_data": null,
            "dedicated_host_group_id": "",
            "dedicated_host_id": "",
            "disable_password_authentication": false,
            "disk_controller_type": "",
            "edge_zone": "",
            "encryption_at_host_enabled": false,
            "eviction_policy": "",
            "extensions_time_budget": "PT1H30M",
            "gallery_application": [],
            "id": "/subscriptions/4eb71d32-6ecc-44c7-b47c-659f130a2347/resourceGroups/divyanshu/providers/Microsoft.Compute/virtualMachines/frount-end-vm",
            "identity": [],
            "license_type": "",
            "location": "japaneast",
            "max_bid_price": -1,
            "name": "frount-end-vm",
            "network_interface_ids": [
              "/subscriptions/4eb71d32-6ecc-44c7-b47c-659f130a2347/resourceGroups/divyanshu/providers/Microsoft.Network/networkInterfaces/nic_frount"
            ],
            "os_disk": [
              {
                "caching": "ReadWrite",
                "diff_disk_settings": [],
                "disk_encryption_set_id": "",
                "disk_size_gb": 30,
                "id": "/subscriptions/4eb71d32-6ecc-44c7-b47c-659f130a2347/resourceGroups/divyanshu/providers/Microsoft.Compute/disks/frount-end-vm_disk1_4bc2a8ad0ce64a2e8a653bf288887421",
                "name": "frount-end-vm_disk1_4bc2a8ad0ce64a2e8a653bf288887421",
                "secure_vm_disk_encryption_set_id": "",
                "security_encryption_type": "",
                "storage_account_type": "Standard_LRS",
                "write_accelerator_enabled": false
              }
            ],
            "os_image_notification": [],
            "os_managed_disk_id": "/subscriptions/4eb71d32-6ecc-44c7-b47c-659f130a2347/resourceGroups/divyanshu/providers/Microsoft.Compute/disks/frount-end-vm_disk1_4bc2a8ad0ce64a2e8a653bf288887421",
            "patch_assessment_mode": "ImageDefault",
            "patch_mode": "ImageDefault",
            "plan": [],
            "platform_fault_domain": -1,
            "priority": "Regular",
            "private_ip_address": "10.0.1.4",
            "private_ip_addresses": [
              "10.0.1.4"
            ],
            "provision_vm_agent": true,
            "proximity_placement_group_id": "",
            "public_ip_address": "20.48.33.4",
            "public_ip_addresses": [
              "20.48.33.4"
            ],
            "reboot_setting": "",
            "resource_group_name": "divyanshu",
            "secret": [],
            "secure_boot_enabled": false,
            "size": "Standard_D2s_v3",
            "source_image_id": "",
            "source_image_reference": [
              {
                "offer": "0001-com-ubuntu-server-jammy",
                "publisher": "Canonical",
                "sku": "22_04-lts",
                "version": "latest"
              }
            ],
            "tags": null,
            "termination_notification": null,
            "timeouts": null,
            "user_data": "",
            "virtual_machine_id": "083a89a4-8c3e-4b6d-ae28-87415c9566ef",
            "virtual_machine_scale_set_id": "",
            "vm_agent_platform_updates_enabled": false,
            "vtpm_enabled": false,
            "zone": ""
          },
          "sensitive_attributes": [
            [
              {
                "type": "get_attr",
                "value": "admin_password"
              }
            ],
            [
              {
                "type": "get_attr",
                "value": "custom_data"
              }
            ]
          ],
          "identity_schema_version": 0,
          "private": "eyJlMmJmYjczMC1lY2FhLTExZTYtOGY4OC0zNDM2M2JjN2M0YzAiOnsiY3JlYXRlIjoyNzAwMDAwMDAwMDAwLCJkZWxldGUiOjI3MDAwMDAwMDAwMDAsInJlYWQiOjMwMDAwMDAwMDAwMCwidXBkYXRlIjoyNzAwMDAwMDAwMDAwfX0=",
          "dependencies": [
            "module.public_ip.azurerm_public_ip.pip",
            "module.resource_group.azurerm_resource_group.rg",
            "module.virtual_machine.azurerm_network_interface.nics",
            "module.virtual_machine.data.azurerm_public_ip.pip",
            "module.virtual_machine.data.azurerm_subnet.subnet"
          ]
        },
        {
          "index_key": "vm2",
          "schema_version": 0,
          "attributes": {
            "additional_capabilities": [],
            "admin_password": "Divy@1245",
            "admin_ssh_key": [],
            "admin_username": "divyanshu2",
            "allow_extension_operations": true,
            "availability_set_id": "",
            "boot_diagnostics": [],
            "bypass_platform_safety_checks_on_user_schedule_enabled": false,
            "capacity_reservation_group_id": "",
            "computer_name": "backendvm",
            "custom_data": null,
            "dedicated_host_group_id": "",
            "dedicated_host_id": "",
            "disable_password_authentication": false,
            "disk_controller_type": "",
            "edge_zone": "",
            "encryption_at_host_enabled": false,
            "eviction_policy": "",
            "extensions_time_budget": "PT1H30M",
            "gallery_application": [],
            "id": "/subscriptions/4eb71d32-6ecc-44c7-b47c-659f130a2347/resourceGroups/divyanshu/providers/Microsoft.Compute/virtualMachines/backendvm",
            "identity": [],
            "license_type": "",
            "location": "japaneast",
            "max_bid_price": -1,
            "name": "backendvm",
            "network_interface_ids": [
              "/subscriptions/4eb71d32-6ecc-44c7-b47c-659f130a2347/resourceGroups/divyanshu/providers/Microsoft.Network/networkInterfaces/back_end_nic"
            ],
            "os_disk": [
              {
                "caching": "ReadWrite",
                "diff_disk_settings": [],
                "disk_encryption_set_id": "",
                "disk_size_gb": 30,
                "id": "/subscriptions/4eb71d32-6ecc-44c7-b47c-659f130a2347/resourceGroups/divyanshu/providers/Microsoft.Compute/disks/backendvm_disk1_d2dce9eeb813403992dd7c1c92bf4815",
                "name": "backendvm_disk1_d2dce9eeb813403992dd7c1c92bf4815",
                "secure_vm_disk_encryption_set_id": "",
                "security_encryption_type": "",
                "storage_account_type": "Standard_LRS",
                "write_accelerator_enabled": false
              }
            ],
            "os_image_notification": [],
            "os_managed_disk_id": "/subscriptions/4eb71d32-6ecc-44c7-b47c-659f130a2347/resourceGroups/divyanshu/providers/Microsoft.Compute/disks/backendvm_disk1_d2dce9eeb813403992dd7c1c92bf4815",
            "patch_assessment_mode": "ImageDefault",
            "patch_mode": "ImageDefault",
            "plan": [],
            "platform_fault_domain": -1,
            "priority": "Regular",
            "private_ip_address": "10.0.2.4",
            "private_ip_addresses": [
              "10.0.2.4"
            ],
            "provision_vm_agent": true,
            "proximity_placement_group_id": "",
            "public_ip_address": "20.89.97.20",
            "public_ip_addresses": [
              "20.89.97.20"
            ],
            "reboot_setting": "",
            "resource_group_name": "divyanshu",
            "secret": [],
            "secure_boot_enabled": false,
            "size": "Standard_D2s_v3",
            "source_image_id": "",
            "source_image_reference": [
              {
                "offer": "0001-com-ubuntu-server-jammy",
                "publisher": "Canonical",
                "sku": "22_04-lts",
                "version": "latest"
              }
            ],
            "tags": null,
            "termination_notification": null,
            "timeouts": null,
            "user_data": "",
            "virtual_machine_id": "72e0b598-1244-4d63-a8f2-4aba12259a47",
            "virtual_machine_scale_set_id": "",
            "vm_agent_platform_updates_enabled": false,
            "vtpm_enabled": false,
            "zone": ""
          },
          "sensitive_attributes": [
            [
              {
                "type": "get_attr",
                "value": "admin_password"
              }
            ],
            [
              {
                "type": "get_attr",
                "value": "custom_data"
              }
            ]
          ],
          "identity_schema_version": 0,
          "private": "eyJlMmJmYjczMC1lY2FhLTExZTYtOGY4OC0zNDM2M2JjN2M0YzAiOnsiY3JlYXRlIjoyNzAwMDAwMDAwMDAwLCJkZWxldGUiOjI3MDAwMDAwMDAwMDAsInJlYWQiOjMwMDAwMDAwMDAwMCwidXBkYXRlIjoyNzAwMDAwMDAwMDAwfX0=",
          "dependencies": [
            "module.public_ip.azurerm_public_ip.pip",
            "module.resource_group.azurerm_resource_group.rg",
            "module.virtual_machine.azurerm_network_interface.nics",
            "module.virtual_machine.data.azurerm_public_ip.pip",
            "module.virtual_machine.data.azurerm_subnet.subnet"
          ]
        }
      ]
    },
    {
      "module": "module.virtual_machine",
      "mode": "managed",
      "type": "azurerm_network_interface",
      "name": "nics",
      "provider": "provider[\"registry.terraform.io/hashicorp/azurerm\"]",
      "instances": [
        {
          "index_key": "vm1",
          "schema_version": 0,
          "attributes": {
            "accelerated_networking_enabled": false,
            "applied_dns_servers": [],
            "auxiliary_mode": "",
            "auxiliary_sku": "",
            "dns_servers": null,
            "edge_zone": "",
            "id": "/subscriptions/4eb71d32-6ecc-44c7-b47c-659f130a2347/resourceGroups/divyanshu/providers/Microsoft.Network/networkInterfaces/nic_frount",
            "internal_dns_name_label": "",
            "internal_domain_name_suffix": "3pyeejcgqr2urg4ookxviegv5b.lx.internal.cloudapp.net",
            "ip_configuration": [
              {
                "gateway_load_balancer_frontend_ip_configuration_id": "",
                "name": "internal",
                "primary": true,
                "private_ip_address": "10.0.1.4",
                "private_ip_address_allocation": "Dynamic",
                "private_ip_address_version": "IPv4",
                "public_ip_address_id": "/subscriptions/4eb71d32-6ecc-44c7-b47c-659f130a2347/resourceGroups/divyanshu/providers/Microsoft.Network/publicIPAddresses/pip_01",
                "subnet_id": "/subscriptions/4eb71d32-6ecc-44c7-b47c-659f130a2347/resourceGroups/divyanshu/providers/Microsoft.Network/virtualNetworks/vnet/subnets/subnet01"
              }
            ],
            "ip_forwarding_enabled": false,
            "location": "japaneast",
            "mac_address": "",
            "name": "nic_frount",
            "private_ip_address": "10.0.1.4",
            "private_ip_addresses": [
              "10.0.1.4"
            ],
            "resource_group_name": "divyanshu",
            "tags": null,
            "timeouts": null,
            "virtual_machine_id": ""
          },
          "sensitive_attributes": [],
          "identity_schema_version": 0,
          "identity": {
            "name": "nic_frount",
            "resource_group_name": "divyanshu",
            "subscription_id": "4eb71d32-6ecc-44c7-b47c-659f130a2347"
          },
          "private": "eyJlMmJmYjczMC1lY2FhLTExZTYtOGY4OC0zNDM2M2JjN2M0YzAiOnsiY3JlYXRlIjoxODAwMDAwMDAwMDAwLCJkZWxldGUiOjE4MDAwMDAwMDAwMDAsInJlYWQiOjMwMDAwMDAwMDAwMCwidXBkYXRlIjoxODAwMDAwMDAwMDAwfX0=",
          "dependencies": [
            "module.public_ip.azurerm_public_ip.pip",
            "module.resource_group.azurerm_resource_group.rg",
            "module.virtual_machine.data.azurerm_public_ip.pip",
            "module.virtual_machine.data.azurerm_subnet.subnet"
          ]
        },
        {
          "index_key": "vm2",
          "schema_version": 0,
          "attributes": {
            "accelerated_networking_enabled": false,
            "applied_dns_servers": [],
            "auxiliary_mode": "",
            "auxiliary_sku": "",
            "dns_servers": null,
            "edge_zone": "",
            "id": "/subscriptions/4eb71d32-6ecc-44c7-b47c-659f130a2347/resourceGroups/divyanshu/providers/Microsoft.Network/networkInterfaces/back_end_nic",
            "internal_dns_name_label": "",
            "internal_domain_name_suffix": "3pyeejcgqr2urg4ookxviegv5b.lx.internal.cloudapp.net",
            "ip_configuration": [
              {
                "gateway_load_balancer_frontend_ip_configuration_id": "",
                "name": "internal",
                "primary": true,
                "private_ip_address": "10.0.2.4",
                "private_ip_address_allocation": "Dynamic",
                "private_ip_address_version": "IPv4",
                "public_ip_address_id": "/subscriptions/4eb71d32-6ecc-44c7-b47c-659f130a2347/resourceGroups/divyanshu/providers/Microsoft.Network/publicIPAddresses/pip_02",
                "subnet_id": "/subscriptions/4eb71d32-6ecc-44c7-b47c-659f130a2347/resourceGroups/divyanshu/providers/Microsoft.Network/virtualNetworks/vnet/subnets/subnet02"
              }
            ],
            "ip_forwarding_enabled": false,
            "location": "japaneast",
            "mac_address": "",
            "name": "back_end_nic",
            "private_ip_address": "10.0.2.4",
            "private_ip_addresses": [
              "10.0.2.4"
            ],
            "resource_group_name": "divyanshu",
            "tags": null,
            "timeouts": null,
            "virtual_machine_id": ""
          },
          "sensitive_attributes": [],
          "identity_schema_version": 0,
          "identity": {
            "name": "back_end_nic",
            "resource_group_name": "divyanshu",
            "subscription_id": "4eb71d32-6ecc-44c7-b47c-659f130a2347"
          },
          "private": "eyJlMmJmYjczMC1lY2FhLTExZTYtOGY4OC0zNDM2M2JjN2M0YzAiOnsiY3JlYXRlIjoxODAwMDAwMDAwMDAwLCJkZWxldGUiOjE4MDAwMDAwMDAwMDAsInJlYWQiOjMwMDAwMDAwMDAwMCwidXBkYXRlIjoxODAwMDAwMDAwMDAwfX0=",
          "dependencies": [
            "module.public_ip.azurerm_public_ip.pip",
            "module.resource_group.azurerm_resource_group.rg",
            "module.virtual_machine.data.azurerm_public_ip.pip",
            "module.virtual_machine.data.azurerm_subnet.subnet"
          ]
        }
      ]
    },
    {
      "module": "module.virtual_network",
      "mode": "managed",
      "type": "azurerm_virtual_network",
      "name": "vnet",
      "provider": "provider[\"registry.terraform.io/hashicorp/azurerm\"]",
      "instances": [
        {
          "index_key": "vnet1",
          "schema_version": 0,
          "attributes": {
            "address_space": [
              "10.0.0.0/16"
            ],
            "bgp_community": "",
            "ddos_protection_plan": [],
            "dns_servers": [],
            "edge_zone": "",
            "encryption": [],
            "flow_timeout_in_minutes": 0,
            "guid": "2442f0eb-8446-4879-9bce-72af5410d5f9",
            "id": "/subscriptions/4eb71d32-6ecc-44c7-b47c-659f130a2347/resourceGroups/divyanshu/providers/Microsoft.Network/virtualNetworks/vnet",
            "ip_address_pool": [],
            "location": "japaneast",
            "name": "vnet",
            "private_endpoint_vnet_policies": "Disabled",
            "resource_group_name": "divyanshu",
            "subnet": [
              {
                "address_prefixes": [
                  "10.0.1.0/24"
                ],
                "default_outbound_access_enabled": true,
                "delegation": [],
                "id": "/subscriptions/4eb71d32-6ecc-44c7-b47c-659f130a2347/resourceGroups/divyanshu/providers/Microsoft.Network/virtualNetworks/vnet/subnets/subnet01",
                "name": "subnet01",
                "private_endpoint_network_policies": "Disabled",
                "private_link_service_network_policies_enabled": true,
                "route_table_id": "",
                "security_group": "",
                "service_endpoint_policy_ids": [],
                "service_endpoints": []
              },
              {
                "address_prefixes": [
                  "10.0.2.0/24"
                ],
                "default_outbound_access_enabled": true,
                "delegation": [],
                "id": "/subscriptions/4eb71d32-6ecc-44c7-b47c-659f130a2347/resourceGroups/divyanshu/providers/Microsoft.Network/virtualNetworks/vnet/subnets/subnet02",
                "name": "subnet02",
                "private_endpoint_network_policies": "Disabled",
                "private_link_service_network_policies_enabled": true,
                "route_table_id": "",
                "security_group": "",
                "service_endpoint_policy_ids": [],
                "service_endpoints": []
              }
            ],
            "tags": {},
            "timeouts": null
          },
          "sensitive_attributes": [],
          "identity_schema_version": 0,
          "identity": {
            "name": "vnet",
            "resource_group_name": "divyanshu",
            "subscription_id": "4eb71d32-6ecc-44c7-b47c-659f130a2347"
          },
          "private": "eyJlMmJmYjczMC1lY2FhLTExZTYtOGY4OC0zNDM2M2JjN2M0YzAiOnsiY3JlYXRlIjoxODAwMDAwMDAwMDAwLCJkZWxldGUiOjE4MDAwMDAwMDAwMDAsInJlYWQiOjMwMDAwMDAwMDAwMCwidXBkYXRlIjoxODAwMDAwMDAwMDAwfX0=",
          "dependencies": [
            "module.resource_group.azurerm_resource_group.rg"
          ]
        }
      ]
    }
  ],
  "check_results": null
}
